schema: '2.0'
stages:
  data_ingestion:
    cmd: python src/data/data_ingestion.py
    deps:
    - path: .env
      hash: md5
      md5: 0c6167a40fe9e3ed8f87c6b863893a74
      size: 332
    - path: src/data/data_ingestion.py
      hash: md5
      md5: d50ee4c7d5d81e6f7e9cbd54a0f9c995
      size: 1126
    outs:
    - path: data/raw/games.csv
      hash: md5
      md5: 0ed65f5388c5f2db26074a03830c0a8b
      size: 7297388
    - path: data/raw/reviews.csv
      hash: md5
      md5: 7ae6fb3ab6385bf5db522bbd4878f670
      size: 115913820
  preprocess_lightFM:
    cmd: python src/data/lightfm/preprocess_lightfm.py
    deps:
    - path: data/raw/games.csv
      hash: md5
      md5: 0ed65f5388c5f2db26074a03830c0a8b
      size: 7297388
    - path: data/raw/reviews.csv
      hash: md5
      md5: 7ae6fb3ab6385bf5db522bbd4878f670
      size: 115913820
    - path: src/data/lightfm/preprocess_lightfm.py
      hash: md5
      md5: d9c154cfe26ded4bbde4404d61203985
      size: 3436
    outs:
    - path: data/processed/lightfm/interactions.npz
      hash: md5
      md5: c60a9578d8c81b84460b29f77d26412d
      size: 491828
    - path: data/processed/lightfm/item_features.npz
      hash: md5
      md5: 71218784655567d825b626b9c7fdc7ce
      size: 21183
  preprocess_surprise_SVD:
    cmd: python src/data/surpriseSVD/preprocess_surprise_SVD.py
    deps:
    - path: data/raw/reviews.csv
      hash: md5
      md5: 7ae6fb3ab6385bf5db522bbd4878f670
      size: 115913820
    - path: src/data/surpriseSVD/preprocess_surprise_SVD.py
      hash: md5
      md5: 22e45bf17e2b8eeacfed8c6c2d12eb56
      size: 615
    outs:
    - path: data/processed/surpriseSVD/reviews_clean.csv
      hash: md5
      md5: d9a074367ef98a78289e036c66fc0e29
      size: 7663856
  train_surprise_SVD:
    cmd: python src/models/surpriseSVD/train_surprise_SVD.py
    deps:
    - path: data/processed/surpriseSVD/reviews_clean.csv
      hash: md5
      md5: d9a074367ef98a78289e036c66fc0e29
      size: 7663856
    - path: src/models/surpriseSVD/train_surprise_SVD.py
      hash: md5
      md5: 6b95a60a3b6da6168dd86b19fb04c7da
      size: 3030
    outs:
    - path: models/svd_best_params.txt
      hash: md5
      md5: 2bb5c16120c417195d8c87c2700ff88c
      size: 52
    - path: models/svd_model.pkl
      hash: md5
      md5: d57d2558cccf4c340d6d182b1b041df3
      size: 14240051
